
Microsoft Visual Studio Solution File, Format Version 12.00
# Visual Studio 15
VisualStudioVersion = 15.0.27130.2020
MinimumVisualStudioVersion = 10.0.40219.1
Project("{FAE04EC0-301F-11D3-BF4B-00C04F79EFBC}") = "SimplexViewer", "SimplexViewer\SimplexViewer.csproj", "{6EBC8B01-318B-45CD-A459-7F1471EA9451}"
EndProject
Project("{FAE04EC0-301F-11D3-BF4B-00C04F79EFBC}") = "SimplexCmd", "SimplexCmd\SimplexCmd.csproj", "{EC401569-4483-4486-A9E3-BAE3DA73D70D}"
EndProject
Project("{FAE04EC0-301F-11D3-BF4B-00C04F79EFBC}") = "Simplex", "Simplex\Simplex.csproj", "{288DBF42-C1E2-4067-96A8-D87EC5C9A500}"
EndProject
Global
	GlobalSection(SolutionConfigurationPlatforms) = preSolution
		Debug|Any CPU = Debug|Any CPU
		Release|Any CPU = Release|Any CPU
	EndGlobalSection
	GlobalSection(ProjectConfigurationPlatforms) = postSolution
		{6EBC8B01-318B-45CD-A459-7F1471EA9451}.Debug|Any CPU.ActiveCfg = Debug|Any CPU
		{6EBC8B01-318B-45CD-A459-7F1471EA9451}.Debug|Any CPU.Build.0 = Debug|Any CPU
		{6EBC8B01-318B-45CD-A459-7F1471EA9451}.Release|Any CPU.ActiveCfg = Release|Any CPU
		{6EBC8B01-318B-45CD-A459-7F1471EA9451}.Release|Any CPU.Build.0 = Release|Any CPU
		{EC401569-4483-4486-A9E3-BAE3DA73D70D}.Debug|Any CPU.ActiveCfg = Debug|Any CPU
		{EC401569-4483-4486-A9E3-BAE3DA73D70D}.Debug|Any CPU.Build.0 = Debug|Any CPU
		{EC401569-4483-4486-A9E3-BAE3DA73D70D}.Release|Any CPU.ActiveCfg = Release|Any CPU
		{EC401569-4483-4486-A9E3-BAE3DA73D70D}.Release|Any CPU.Build.0 = Release|Any CPU
		{288DBF42-C1E2-4067-96A8-D87EC5C9A500}.Debug|Any CPU.ActiveCfg = Debug|Any CPU
		{288DBF42-C1E2-4067-96A8-D87EC5C9A500}.Debug|Any CPU.Build.0 = Debug|Any CPU
		{288DBF42-C1E2-4067-96A8-D87EC5C9A500}.Release|Any CPU.ActiveCfg = Release|Any CPU
		{288DBF42-C1E2-4067-96A8-D87EC5C9A500}.Release|Any CPU.Build.0 = Release|Any CPU
	EndGlobalSection
	GlobalSection(SolutionProperties) = preSolution
		HideSolutionNode = FALSE
	EndGlobalSection
	GlobalSection(ExtensibilityGlobals) = postSolution
		SolutionGuid = {A55EF5B9-82F9-4147-90E9-22C5BEAC2679}
	EndGlobalSection
EndGlobal
